{
  "name": "talk-and-talk-miniprogram",
  "version": "0.1.0",
  "lockfileVersion": 3,
  "requires": true,
  "packages": {
    "": {
      "name": "talk-and-talk-miniprogram",
      "version": "0.1.0",
      "dependencies": {
        "trtc-wx-sdk": "1.1.15"
      }
    },
    "node_modules/trtc-wx-sdk": {
      "version": "1.1.15",
      "resolved": "https://registry.npmjs.org/trtc-wx-sdk/-/trtc-wx-sdk-1.1.15.tgz",
      "integrity": "sha512-G0pNwLOyGZ/icxZlY39pYmGKYeevuy83tUVaSG12jimaHhr+E1l4MoahFbKVjwlM9j9pzDMVh30FOBMIWYO7Rg==",
      "license": "ISC"
    }
  }
}
