// !$*UTF8*$!
{
	archiveVersion = 1;
	classes = {
	};
	objectVersion = 77;
	objects = {

/* Begin PBXBuildFile section */
		08A0FBEADD63691CDE0E3F7E /* BackendClient.swift in Sources */ = {isa = PBXBuildFile; fileRef = 94AE3452117FD865A7B356C3 /* BackendClient.swift */; };
		0F6A83A8D71C42BF7B920BE1 /* RuleBasedModerationEngine.swift in Sources */ = {isa = PBXBuildFile; fileRef = 90EF9BE3F4A4A62F105AB39C /* RuleBasedModerationEngine.swift */; };
		11D98AEE1908F44EB38466C8 /* ModerationConfig.swift in Sources */ = {isa = PBXBuildFile; fileRef = AECDA8341B86D04387480CE1 /* ModerationConfig.swift */; };
		1B73BA6EE285CF894B83DD89 /* SafetyCenterView.swift in Sources */ = {isa = PBXBuildFile; fileRef = 6E17DB3F34D66843B81E8D28 /* SafetyCenterView.swift */; };
		1BDA7B82C2D97AE2B0CDE6C7 /* ModerationConfig.example.plist in Resources */ = {isa = PBXBuildFile; fileRef = 5F2CEA87CEF6D8015A2B2E77 /* ModerationConfig.example.plist */; };
		25B34EEF8CC9F5B4A6A292B7 /* ChatView.swift in Sources */ = {isa = PBXBuildFile; fileRef = 9FDE97C9E3513D57ACBA94D1 /* ChatView.swift */; };
		2939C42D4A2DA69B96983162 /* LoginView.swift in Sources */ = {isa = PBXBuildFile; fileRef = BC62D953D307AB680378E63A /* LoginView.swift */; };
		2EA05BBB0C8924ABF9D424E6 /* TalkAndTalkApp.swift in Sources */ = {isa = PBXBuildFile; fileRef = 392FE95B480426F77701CDC0 /* TalkAndTalkApp.swift */; };
		30259306A1330DBD98BE213A /* CompanionHomepageView.swift in Sources */ = {isa = PBXBuildFile; fileRef = 53C782BEDC76786409DCC7C2 /* CompanionHomepageView.swift */; };
		319E54A850CAA1E3B3F115CC /* BackendConfig.swift in Sources */ = {isa = PBXBuildFile; fileRef = E318D1532BA33F6CC4EBB232 /* BackendConfig.swift */; };
		3D59EFF9712A11F6AA1A4BF9 /* NotificationsView.swift in Sources */ = {isa = PBXBuildFile; fileRef = DDA3918A52F3CD3042DA07B2 /* NotificationsView.swift */; };
		475E9D0887A2DDF7C445216C /* TokenStore.swift in Sources */ = {isa = PBXBuildFile; fileRef = 363DCDF5566BD9FCFECC733D /* TokenStore.swift */; };
		4793219FE63077EEA4450925 /* ContentView.swift in Sources */ = {isa = PBXBuildFile; fileRef = 9B1E327B0E0600DD2FA7DA0B /* ContentView.swift */; };
		4AE49DFC612BF88AC5997434 /* CreditService.swift in Sources */ = {isa = PBXBuildFile; fileRef = 062507A80BCACC829F743FAE /* CreditService.swift */; };
		5187A08AA93DBCA5C80A0AAC /* Assets.xcassets in Resources */ = {isa = PBXBuildFile; fileRef = 30E1C8C508469734A60262FC /* Assets.xcassets */; };
		567779000564DDCCA22F448F /* AppStore.swift in Sources */ = {isa = PBXBuildFile; fileRef = A6E3835F343B22384B2A21A2 /* AppStore.swift */; };
		589F09C8F9BEE9D33DC2CD19 /* PrivacyInfo.xcprivacy in Resources */ = {isa = PBXBuildFile; fileRef = 027081F075D8356896A749D3 /* PrivacyInfo.xcprivacy */; };
		5A9F47B2F8BDA522C73C25D8 /* TokenStoreTests.swift in Sources */ = {isa = PBXBuildFile; fileRef = 13E17E67BD70A4FD39C8A2DC /* TokenStoreTests.swift */; };
		5D04CD58F3A70B98A7C5AD2A /* WechatOpenSDK in Frameworks */ = {isa = PBXBuildFile; productRef = B988DC50DABD932218177FF2 /* WechatOpenSDK */; };
		6CFADD99C309A52C6B425C75 /* BackendClientTests.swift in Sources */ = {isa = PBXBuildFile; fileRef = A8049AC3D2DA38FB7C6FAD82 /* BackendClientTests.swift */; };
		70EB8E37D12BAF7511AD14EA /* LoginStateTests.swift in Sources */ = {isa = PBXBuildFile; fileRef = D4C7B5A8F5944B691DC285D3 /* LoginStateTests.swift */; };
		7B2DD2E0120B8B7122D32607 /* MessagesView.swift in Sources */ = {isa = PBXBuildFile; fileRef = 3218FC9B8690CE90A5813155 /* MessagesView.swift */; };
		90D5149301AC6B2CB0EDEEFA /* BackendDTO.swift in Sources */ = {isa = PBXBuildFile; fileRef = F24991E535E69FA9B1E3B397 /* BackendDTO.swift */; };
		98047900BEEF7A46AB44DCBE /* AdminView.swift in Sources */ = {isa = PBXBuildFile; fileRef = C896E2DA7B23DAE646765221 /* AdminView.swift */; };
		9F3D0B716BF413F45951128A /* CommunityView.swift in Sources */ = {isa = PBXBuildFile; fileRef = 9BBD6E81DCCC74A0100E6A34 /* CommunityView.swift */; };
		A18EF3449F68A24100E7D2ED /* ReviewView.swift in Sources */ = {isa = PBXBuildFile; fileRef = 2C940FDF0D6D4B02E03CFD7E /* ReviewView.swift */; };
		AFC3B4F23F7C3DE02FB796C1 /* APIModerationClient.swift in Sources */ = {isa = PBXBuildFile; fileRef = 0D8CCF9F4F5456AC8E94630E /* APIModerationClient.swift */; };
		B23779AE4B101CF005715ECA /* VerifyView.swift in Sources */ = {isa = PBXBuildFile; fileRef = F878EB904DAF2776F1CB6ED3 /* VerifyView.swift */; };
		B6AC1C7D35FAB661E12DA64A /* ModerationService.swift in Sources */ = {isa = PBXBuildFile; fileRef = E263317F08697595B130FB5D /* ModerationService.swift */; };
		B81503F26333913BA98EEA8D /* ModerationTests.swift in Sources */ = {isa = PBXBuildFile; fileRef = 1FF03BAEB72A56CFE6283799 /* ModerationTests.swift */; };
		B8D26328C1590E4DF65AEB77 /* WeChatPayClient.swift in Sources */ = {isa = PBXBuildFile; fileRef = C764869353423E79178BB4E3 /* WeChatPayClient.swift */; };
		BA9CC4FCCD7713B1797DC79F /* WebKit.framework in Frameworks */ = {isa = PBXBuildFile; fileRef = 5A6477B74715507A1104BE31 /* WebKit.framework */; };
		BE8CB25A7F33C99B8280A102 /* Models.swift in Sources */ = {isa = PBXBuildFile; fileRef = 007F9F5619ED56C144799B00 /* Models.swift */; };
		C9A2FB0AC8EFAFC384F611BE /* HomeView.swift in Sources */ = {isa = PBXBuildFile; fileRef = EDCBDDAD4FB2128224897576 /* HomeView.swift */; };
		CC7B970062E49A992E5BE0A6 /* AuthSession.swift in Sources */ = {isa = PBXBuildFile; fileRef = F31F2D6E952D2DAF7708EEC2 /* AuthSession.swift */; };
		CF021E97725F7069CE15767E /* TalkAndTalkUITests.swift in Sources */ = {isa = PBXBuildFile; fileRef = 51F1133260FDA37354A743ED /* TalkAndTalkUITests.swift */; };
		D6DF2B624AAA6750B0A7CB93 /* CompanionListView.swift in Sources */ = {isa = PBXBuildFile; fileRef = 5437FBCE2ED1922E0FDFFAB4 /* CompanionListView.swift */; };
		D9DB4FEEBCACF4C77CCB1307 /* CompanionDetailView.swift in Sources */ = {isa = PBXBuildFile; fileRef = 5020F25F640675828F21E1CE /* CompanionDetailView.swift */; };
		D9FBF9A6389F20D188D853C0 /* AuthSessionTests.swift in Sources */ = {isa = PBXBuildFile; fileRef = 13DAFC7288570D536CF5B548 /* AuthSessionTests.swift */; };
		DAB9B3BFF1D3B568B6D3F60F /* SettingsView.swift in Sources */ = {isa = PBXBuildFile; fileRef = ED8AD8B6D2BC8036E23BC976 /* SettingsView.swift */; };
		DAC086EF0A642DAB7B9A570B /* OrdersView.swift in Sources */ = {isa = PBXBuildFile; fileRef = D9D33707B48743328A9E03D2 /* OrdersView.swift */; };
		E1DACA212E56BC7618277004 /* SharedViews.swift in Sources */ = {isa = PBXBuildFile; fileRef = 45B56637DD1304D85224005F /* SharedViews.swift */; };
		E51B292A24789C68B570BD4A /* HybridModerationService.swift in Sources */ = {isa = PBXBuildFile; fileRef = 02811E1FB9FE0F48E87C6ED9 /* HybridModerationService.swift */; };
		E62C59F9BB7700CF763C716B /* OrderView.swift in Sources */ = {isa = PBXBuildFile; fileRef = 5CD87BBB9699358FF42C6C09 /* OrderView.swift */; };
		E94DD7288271F6A9C47FA5B3 /* AppCatalog.swift in Sources */ = {isa = PBXBuildFile; fileRef = 13D9DF7A81F40BC52D080F2C /* AppCatalog.swift */; };
		E9A7A6322E71F6A41F76C785 /* BackendAuthClient.swift in Sources */ = {isa = PBXBuildFile; fileRef = 7B637A4D9A771D3580A47473 /* BackendAuthClient.swift */; };
		EA414DFDDA89D7FCA486C2CF /* DesignSystem.swift in Sources */ = {isa = PBXBuildFile; fileRef = 5E605DC8006E9FCCFE36D0FD /* DesignSystem.swift */; };
		F10E43C579EC5F063A4449CC /* WeChatPayCoordinator.swift in Sources */ = {isa = PBXBuildFile; fileRef = E1560AEF5DCEB3C2E614ACA8 /* WeChatPayCoordinator.swift */; };
		F37053D926592BBDCCC4AAB8 /* ProfileView.swift in Sources */ = {isa = PBXBuildFile; fileRef = 3348682DD5A84F91D553C6BA /* ProfileView.swift */; };
		F6F3CAAB6B61BE508526C263 /* AppleSignInCoordinator.swift in Sources */ = {isa = PBXBuildFile; fileRef = FBF8E318E6C1D48C49ABFAA0 /* AppleSignInCoordinator.swift */; };
		FDB6F44BDB15C85CB2BF05DD /* AuthDTO.swift in Sources */ = {isa = PBXBuildFile; fileRef = F1834BD6CE233300421A2C8F /* AuthDTO.swift */; };
		FF9D7B1BADCE9B22E67CAA88 /* LaunchScreen.storyboard in Resources */ = {isa = PBXBuildFile; fileRef = FCB553A9D165F3912587BB17 /* LaunchScreen.storyboard */; };
/* End PBXBuildFile section */

/* Begin PBXContainerItemProxy section */
		32AA9089008DAFE88F9DF7A7 /* PBXContainerItemProxy */ = {
			isa = PBXContainerItemProxy;
			containerPortal = 788E5DF5F57A9A612D79C7F3 /* Project object */;
			proxyType = 1;
			remoteGlobalIDString = DD908ACE202C69466668F8CC;
			remoteInfo = TalkAndTalk;
		};
		FA94E2DBDA1AD28D56A1197F /* PBXContainerItemProxy */ = {
			isa = PBXContainerItemProxy;
			containerPortal = 788E5DF5F57A9A612D79C7F3 /* Project object */;
			proxyType = 1;
			remoteGlobalIDString = DD908ACE202C69466668F8CC;
			remoteInfo = TalkAndTalk;
		};
/* End PBXContainerItemProxy section */

/* Begin PBXFileReference section */
		007F9F5619ED56C144799B00 /* Models.swift */ = {isa = PBXFileReference; lastKnownFileType = sourcecode.swift; path = Models.swift; sourceTree = "<group>"; };
		027081F075D8356896A749D3 /* PrivacyInfo.xcprivacy */ = {isa = PBXFileReference; path = PrivacyInfo.xcprivacy; sourceTree = "<group>"; };
		02811E1FB9FE0F48E87C6ED9 /* HybridModerationService.swift */ = {isa = PBXFileReference; lastKnownFileType = sourcecode.swift; path = HybridModerationService.swift; sourceTree = "<group>"; };
		062507A80BCACC829F743FAE /* CreditService.swift */ = {isa = PBXFileReference; lastKnownFileType = sourcecode.swift; path = CreditService.swift; sourceTree = "<group>"; };
		0D8CCF9F4F5456AC8E94630E /* APIModerationClient.swift */ = {isa = PBXFileReference; lastKnownFileType = sourcecode.swift; path = APIModerationClient.swift; sourceTree = "<group>"; };
		13D9DF7A81F40BC52D080F2C /* AppCatalog.swift */ = {isa = PBXFileReference; lastKnownFileType = sourcecode.swift; path = AppCatalog.swift; sourceTree = "<group>"; };
		13DAFC7288570D536CF5B548 /* AuthSessionTests.swift */ = {isa = PBXFileReference; lastKnownFileType = sourcecode.swift; path = AuthSessionTests.swift; sourceTree = "<group>"; };
		13E17E67BD70A4FD39C8A2DC /* TokenStoreTests.swift */ = {isa = PBXFileReference; lastKnownFileType = sourcecode.swift; path = TokenStoreTests.swift; sourceTree = "<group>"; };
		1FF03BAEB72A56CFE6283799 /* ModerationTests.swift */ = {isa = PBXFileReference; lastKnownFileType = sourcecode.swift; path = ModerationTests.swift; sourceTree = "<group>"; };
		2C940FDF0D6D4B02E03CFD7E /* ReviewView.swift */ = {isa = PBXFileReference; lastKnownFileType = sourcecode.swift; path = ReviewView.swift; sourceTree = "<group>"; };
		30E1C8C508469734A60262FC /* Assets.xcassets */ = {isa = PBXFileReference; lastKnownFileType = folder.assetcatalog; path = Assets.xcassets; sourceTree = "<group>"; };
		3218FC9B8690CE90A5813155 /* MessagesView.swift */ = {isa = PBXFileReference; lastKnownFileType = sourcecode.swift; path = MessagesView.swift; sourceTree = "<group>"; };
		32E80B2F111798E5AF4A8DC5 /* TalkAndTalk.app */ = {isa = PBXFileReference; includeInIndex = 0; lastKnownFileType = wrapper.application; path = TalkAndTalk.app; sourceTree = BUILT_PRODUCTS_DIR; };
		3348682DD5A84F91D553C6BA /* ProfileView.swift */ = {isa = PBXFileReference; lastKnownFileType = sourcecode.swift; path = ProfileView.swift; sourceTree = "<group>"; };
		363DCDF5566BD9FCFECC733D /* TokenStore.swift */ = {isa = PBXFileReference; lastKnownFileType = sourcecode.swift; path = TokenStore.swift; sourceTree = "<group>"; };
		386B51ED76DC7271912EFA03 /* Release.xcconfig */ = {isa = PBXFileReference; lastKnownFileType = text.xcconfig; path = Release.xcconfig; sourceTree = "<group>"; };
		392FE95B480426F77701CDC0 /* TalkAndTalkApp.swift */ = {isa = PBXFileReference; lastKnownFileType = sourcecode.swift; path = TalkAndTalkApp.swift; sourceTree = "<group>"; };
		45B56637DD1304D85224005F /* SharedViews.swift */ = {isa = PBXFileReference; lastKnownFileType = sourcecode.swift; path = SharedViews.swift; sourceTree = "<group>"; };
		5020F25F640675828F21E1CE /* CompanionDetailView.swift */ = {isa = PBXFileReference; lastKnownFileType = sourcecode.swift; path = CompanionDetailView.swift; sourceTree = "<group>"; };
		51F1133260FDA37354A743ED /* TalkAndTalkUITests.swift */ = {isa = PBXFileReference; lastKnownFileType = sourcecode.swift; path = TalkAndTalkUITests.swift; sourceTree = "<group>"; };
		53C782BEDC76786409DCC7C2 /* CompanionHomepageView.swift */ = {isa = PBXFileReference; lastKnownFileType = sourcecode.swift; path = CompanionHomepageView.swift; sourceTree = "<group>"; };
		5437FBCE2ED1922E0FDFFAB4 /* CompanionListView.swift */ = {isa = PBXFileReference; lastKnownFileType = sourcecode.swift; path = CompanionListView.swift; sourceTree = "<group>"; };
		5A57141CEC4C4E749C4B2676 /* Debug.xcconfig */ = {isa = PBXFileReference; lastKnownFileType = text.xcconfig; path = Debug.xcconfig; sourceTree = "<group>"; };
		5A6477B74715507A1104BE31 /* WebKit.framework */ = {isa = PBXFileReference; lastKnownFileType = wrapper.framework; name = WebKit.framework; path = System/Library/Frameworks/WebKit.framework; sourceTree = SDKROOT; };
		5CD87BBB9699358FF42C6C09 /* OrderView.swift */ = {isa = PBXFileReference; lastKnownFileType = sourcecode.swift; path = OrderView.swift; sourceTree = "<group>"; };
		5E605DC8006E9FCCFE36D0FD /* DesignSystem.swift */ = {isa = PBXFileReference; lastKnownFileType = sourcecode.swift; path = DesignSystem.swift; sourceTree = "<group>"; };
		5F2CEA87CEF6D8015A2B2E77 /* ModerationConfig.example.plist */ = {isa = PBXFileReference; lastKnownFileType = text.plist; path = ModerationConfig.example.plist; sourceTree = "<group>"; };
		6E17DB3F34D66843B81E8D28 /* SafetyCenterView.swift */ = {isa = PBXFileReference; lastKnownFileType = sourcecode.swift; path = SafetyCenterView.swift; sourceTree = "<group>"; };
		7A4A0A03B99D6635E239AD23 /* TalkAndTalkUITests.xctest */ = {isa = PBXFileReference; includeInIndex = 0; lastKnownFileType = wrapper.cfbundle; path = TalkAndTalkUITests.xctest; sourceTree = BUILT_PRODUCTS_DIR; };
		7B637A4D9A771D3580A47473 /* BackendAuthClient.swift */ = {isa = PBXFileReference; lastKnownFileType = sourcecode.swift; path = BackendAuthClient.swift; sourceTree = "<group>"; };
		90EF9BE3F4A4A62F105AB39C /* RuleBasedModerationEngine.swift */ = {isa = PBXFileReference; lastKnownFileType = sourcecode.swift; path = RuleBasedModerationEngine.swift; sourceTree = "<group>"; };
		94AE3452117FD865A7B356C3 /* BackendClient.swift */ = {isa = PBXFileReference; lastKnownFileType = sourcecode.swift; path = BackendClient.swift; sourceTree = "<group>"; };
		974A93200144303A55EA9E59 /* TalkAndTalkTests.xctest */ = {isa = PBXFileReference; includeInIndex = 0; lastKnownFileType = wrapper.cfbundle; path = TalkAndTalkTests.xctest; sourceTree = BUILT_PRODUCTS_DIR; };
		9B1E327B0E0600DD2FA7DA0B /* ContentView.swift */ = {isa = PBXFileReference; lastKnownFileType = sourcecode.swift; path = ContentView.swift; sourceTree = "<group>"; };
		9BBD6E81DCCC74A0100E6A34 /* CommunityView.swift */ = {isa = PBXFileReference; lastKnownFileType = sourcecode.swift; path = CommunityView.swift; sourceTree = "<group>"; };
		9FDE97C9E3513D57ACBA94D1 /* ChatView.swift */ = {isa = PBXFileReference; lastKnownFileType = sourcecode.swift; path = ChatView.swift; sourceTree = "<group>"; };
		A6E3835F343B22384B2A21A2 /* AppStore.swift */ = {isa = PBXFileReference; lastKnownFileType = sourcecode.swift; path = AppStore.swift; sourceTree = "<group>"; };
		A8049AC3D2DA38FB7C6FAD82 /* BackendClientTests.swift */ = {isa = PBXFileReference; lastKnownFileType = sourcecode.swift; path = BackendClientTests.swift; sourceTree = "<group>"; };
		AECDA8341B86D04387480CE1 /* ModerationConfig.swift */ = {isa = PBXFileReference; lastKnownFileType = sourcecode.swift; path = ModerationConfig.swift; sourceTree = "<group>"; };
		BC62D953D307AB680378E63A /* LoginView.swift */ = {isa = PBXFileReference; lastKnownFileType = sourcecode.swift; path = LoginView.swift; sourceTree = "<group>"; };
		C764869353423E79178BB4E3 /* WeChatPayClient.swift */ = {isa = PBXFileReference; lastKnownFileType = sourcecode.swift; path = WeChatPayClient.swift; sourceTree = "<group>"; };
		C896E2DA7B23DAE646765221 /* AdminView.swift */ = {isa = PBXFileReference; lastKnownFileType = sourcecode.swift; path = AdminView.swift; sourceTree = "<group>"; };
		D4C7B5A8F5944B691DC285D3 /* LoginStateTests.swift */ = {isa = PBXFileReference; lastKnownFileType = sourcecode.swift; path = LoginStateTests.swift; sourceTree = "<group>"; };
		D9D33707B48743328A9E03D2 /* OrdersView.swift */ = {isa = PBXFileReference; lastKnownFileType = sourcecode.swift; path = OrdersView.swift; sourceTree = "<group>"; };
		DDA3918A52F3CD3042DA07B2 /* NotificationsView.swift */ = {isa = PBXFileReference; lastKnownFileType = sourcecode.swift; path = NotificationsView.swift; sourceTree = "<group>"; };
		E1560AEF5DCEB3C2E614ACA8 /* WeChatPayCoordinator.swift */ = {isa = PBXFileReference; lastKnownFileType = sourcecode.swift; path = WeChatPayCoordinator.swift; sourceTree = "<group>"; };
		E263317F08697595B130FB5D /* ModerationService.swift */ = {isa = PBXFileReference; lastKnownFileType = sourcecode.swift; path = ModerationService.swift; sourceTree = "<group>"; };
		E318D1532BA33F6CC4EBB232 /* BackendConfig.swift */ = {isa = PBXFileReference; lastKnownFileType = sourcecode.swift; path = BackendConfig.swift; sourceTree = "<group>"; };
		ED8AD8B6D2BC8036E23BC976 /* SettingsView.swift */ = {isa = PBXFileReference; lastKnownFileType = sourcecode.swift; path = SettingsView.swift; sourceTree = "<group>"; };
		EDCBDDAD4FB2128224897576 /* HomeView.swift */ = {isa = PBXFileReference; lastKnownFileType = sourcecode.swift; path = HomeView.swift; sourceTree = "<group>"; };
		F1834BD6CE233300421A2C8F /* AuthDTO.swift */ = {isa = PBXFileReference; lastKnownFileType = sourcecode.swift; path = AuthDTO.swift; sourceTree = "<group>"; };
		F24991E535E69FA9B1E3B397 /* BackendDTO.swift */ = {isa = PBXFileReference; lastKnownFileType = sourcecode.swift; path = BackendDTO.swift; sourceTree = "<group>"; };
		F31F2D6E952D2DAF7708EEC2 /* AuthSession.swift */ = {isa = PBXFileReference; lastKnownFileType = sourcecode.swift; path = AuthSession.swift; sourceTree = "<group>"; };
		F3CA8DB67E42B51681CDB5FF /* Staging.xcconfig */ = {isa = PBXFileReference; lastKnownFileType = text.xcconfig; path = Staging.xcconfig; sourceTree = "<group>"; };
		F878EB904DAF2776F1CB6ED3 /* VerifyView.swift */ = {isa = PBXFileReference; lastKnownFileType = sourcecode.swift; path = VerifyView.swift; sourceTree = "<group>"; };
		FBF8E318E6C1D48C49ABFAA0 /* AppleSignInCoordinator.swift */ = {isa = PBXFileReference; lastKnownFileType = sourcecode.swift; path = AppleSignInCoordinator.swift; sourceTree = "<group>"; };
		FCB553A9D165F3912587BB17 /* LaunchScreen.storyboard */ = {isa = PBXFileReference; lastKnownFileType = file.storyboard; path = LaunchScreen.storyboard; sourceTree = "<group>"; };
/* End PBXFileReference section */

/* Begin PBXFrameworksBuildPhase section */
		D72F3BE12FFA0781F09DC918 /* Frameworks */ = {
			isa = PBXFrameworksBuildPhase;
			buildActionMask = 2147483647;
			files = (
				5D04CD58F3A70B98A7C5AD2A /* WechatOpenSDK in Frameworks */,
				BA9CC4FCCD7713B1797DC79F /* WebKit.framework in Frameworks */,
			);
			runOnlyForDeploymentPostprocessing = 0;
		};
/* End PBXFrameworksBuildPhase section */

/* Begin PBXGroup section */
		013802AA42693921EC6652FA /* Profile */ = {
			isa = PBXGroup;
			children = (
				DDA3918A52F3CD3042DA07B2 /* NotificationsView.swift */,
				3348682DD5A84F91D553C6BA /* ProfileView.swift */,
				ED8AD8B6D2BC8036E23BC976 /* SettingsView.swift */,
			);
			path = Profile;
			sourceTree = "<group>";
		};
		0234AB4592A7537F3FE9226A = {
			isa = PBXGroup;
			children = (
				974C7A309FEB5869859F4F81 /* Config */,
				071AA4C83EAA4CAD306C1181 /* Resources */,
				DB6F7034086EBB8FDF3750ED /* Sources */,
				46CCA859C30524C990A86B6C /* Tests */,
				365CAADD2E92BDD3C864C45D /* UITests */,
				2C6ECC42F788D4730F31559D /* Frameworks */,
				C0F91BEE52CD29F4F81EF344 /* Products */,
			);
			sourceTree = "<group>";
		};
		02EF283EF3B62E316D7D7D18 /* Community */ = {
			isa = PBXGroup;
			children = (
				9BBD6E81DCCC74A0100E6A34 /* CommunityView.swift */,
			);
			path = Community;
			sourceTree = "<group>";
		};
		071AA4C83EAA4CAD306C1181 /* Resources */ = {
			isa = PBXGroup;
			children = (
				30E1C8C508469734A60262FC /* Assets.xcassets */,
				FCB553A9D165F3912587BB17 /* LaunchScreen.storyboard */,
				5F2CEA87CEF6D8015A2B2E77 /* ModerationConfig.example.plist */,
				027081F075D8356896A749D3 /* PrivacyInfo.xcprivacy */,
			);
			path = Resources;
			sourceTree = "<group>";
		};
		0B2F10B85FCF66CE82DA8056 /* Models */ = {
			isa = PBXGroup;
			children = (
				007F9F5619ED56C144799B00 /* Models.swift */,
			);
			path = Models;
			sourceTree = "<group>";
		};
		14AC6B607B795361D2F8B402 /* App */ = {
			isa = PBXGroup;
			children = (
				A6E3835F343B22384B2A21A2 /* AppStore.swift */,
				9B1E327B0E0600DD2FA7DA0B /* ContentView.swift */,
				392FE95B480426F77701CDC0 /* TalkAndTalkApp.swift */,
			);
			path = App;
			sourceTree = "<group>";
		};
		2A75B914D540EBE13BD55424 /* Auth */ = {
			isa = PBXGroup;
			children = (
				FBF8E318E6C1D48C49ABFAA0 /* AppleSignInCoordinator.swift */,
				BC62D953D307AB680378E63A /* LoginView.swift */,
			);
			path = Auth;
			sourceTree = "<group>";
		};
		2C6ECC42F788D4730F31559D /* Frameworks */ = {
			isa = PBXGroup;
			children = (
				5A6477B74715507A1104BE31 /* WebKit.framework */,
			);
			name = Frameworks;
			sourceTree = "<group>";
		};
		3336BD16582331189312E1A8 /* UI */ = {
			isa = PBXGroup;
			children = (
				5E605DC8006E9FCCFE36D0FD /* DesignSystem.swift */,
				45B56637DD1304D85224005F /* SharedViews.swift */,
			);
			path = UI;
			sourceTree = "<group>";
		};
		365CAADD2E92BDD3C864C45D /* UITests */ = {
			isa = PBXGroup;
			children = (
				51F1133260FDA37354A743ED /* TalkAndTalkUITests.swift */,
			);
			path = UITests;
			sourceTree = "<group>";
		};
		46CCA859C30524C990A86B6C /* Tests */ = {
			isa = PBXGroup;
			children = (
				13DAFC7288570D536CF5B548 /* AuthSessionTests.swift */,
				A8049AC3D2DA38FB7C6FAD82 /* BackendClientTests.swift */,
				D4C7B5A8F5944B691DC285D3 /* LoginStateTests.swift */,
				1FF03BAEB72A56CFE6283799 /* ModerationTests.swift */,
				13E17E67BD70A4FD39C8A2DC /* TokenStoreTests.swift */,
			);
			path = Tests;
			sourceTree = "<group>";
		};
		65CB6FDD58C24A29AAB27957 /* Safety */ = {
			isa = PBXGroup;
			children = (
				6E17DB3F34D66843B81E8D28 /* SafetyCenterView.swift */,
				F878EB904DAF2776F1CB6ED3 /* VerifyView.swift */,
			);
			path = Safety;
			sourceTree = "<group>";
		};
		68E8521C4F5C91295221E37F /* Discover */ = {
			isa = PBXGroup;
			children = (
				5020F25F640675828F21E1CE /* CompanionDetailView.swift */,
				53C782BEDC76786409DCC7C2 /* CompanionHomepageView.swift */,
				5437FBCE2ED1922E0FDFFAB4 /* CompanionListView.swift */,
				EDCBDDAD4FB2128224897576 /* HomeView.swift */,
				2C940FDF0D6D4B02E03CFD7E /* ReviewView.swift */,
			);
			path = Discover;
			sourceTree = "<group>";
		};
		73AC411BD0BFC5F2455E5085 /* API */ = {
			isa = PBXGroup;
			children = (
				7B637A4D9A771D3580A47473 /* BackendAuthClient.swift */,
				94AE3452117FD865A7B356C3 /* BackendClient.swift */,
				E318D1532BA33F6CC4EBB232 /* BackendConfig.swift */,
				F24991E535E69FA9B1E3B397 /* BackendDTO.swift */,
			);
			path = API;
			sourceTree = "<group>";
		};
		76ECF49344C9B0310BAE7C5F /* Features */ = {
			isa = PBXGroup;
			children = (
				C599FC385531A14C61F8A222 /* Admin */,
				2A75B914D540EBE13BD55424 /* Auth */,
				02EF283EF3B62E316D7D7D18 /* Community */,
				68E8521C4F5C91295221E37F /* Discover */,
				FAA6311B9D4D76D491C2D95F /* Messages */,
				CB5E473394CE5EA664A8B122 /* Orders */,
				013802AA42693921EC6652FA /* Profile */,
				65CB6FDD58C24A29AAB27957 /* Safety */,
			);
			path = Features;
			sourceTree = "<group>";
		};
		974C7A309FEB5869859F4F81 /* Config */ = {
			isa = PBXGroup;
			children = (
				5A57141CEC4C4E749C4B2676 /* Debug.xcconfig */,
				386B51ED76DC7271912EFA03 /* Release.xcconfig */,
				F3CA8DB67E42B51681CDB5FF /* Staging.xcconfig */,
			);
			path = Config;
			sourceTree = "<group>";
		};
		A488F49E80D517774174E7FA /* Moderation */ = {
			isa = PBXGroup;
			children = (
				0D8CCF9F4F5456AC8E94630E /* APIModerationClient.swift */,
				02811E1FB9FE0F48E87C6ED9 /* HybridModerationService.swift */,
				AECDA8341B86D04387480CE1 /* ModerationConfig.swift */,
				E263317F08697595B130FB5D /* ModerationService.swift */,
				90EF9BE3F4A4A62F105AB39C /* RuleBasedModerationEngine.swift */,
			);
			path = Moderation;
			sourceTree = "<group>";
		};
		A7A3B556F54C4DC361D8614B /* Auth */ = {
			isa = PBXGroup;
			children = (
				F1834BD6CE233300421A2C8F /* AuthDTO.swift */,
				F31F2D6E952D2DAF7708EEC2 /* AuthSession.swift */,
				363DCDF5566BD9FCFECC733D /* TokenStore.swift */,
			);
			path = Auth;
			sourceTree = "<group>";
		};
		B7805F1913834A74CDA74FB0 /* Services */ = {
			isa = PBXGroup;
			children = (
				062507A80BCACC829F743FAE /* CreditService.swift */,
			);
			path = Services;
			sourceTree = "<group>";
		};
		C0F91BEE52CD29F4F81EF344 /* Products */ = {
			isa = PBXGroup;
			children = (
				32E80B2F111798E5AF4A8DC5 /* TalkAndTalk.app */,
				974A93200144303A55EA9E59 /* TalkAndTalkTests.xctest */,
				7A4A0A03B99D6635E239AD23 /* TalkAndTalkUITests.xctest */,
			);
			name = Products;
			sourceTree = "<group>";
		};
		C599FC385531A14C61F8A222 /* Admin */ = {
			isa = PBXGroup;
			children = (
				C896E2DA7B23DAE646765221 /* AdminView.swift */,
			);
			path = Admin;
			sourceTree = "<group>";
		};
		CB5E473394CE5EA664A8B122 /* Orders */ = {
			isa = PBXGroup;
			children = (
				D9D33707B48743328A9E03D2 /* OrdersView.swift */,
				5CD87BBB9699358FF42C6C09 /* OrderView.swift */,
			);
			path = Orders;
			sourceTree = "<group>";
		};
		D643A9F990EAD6D981FE513D /* Payments */ = {
			isa = PBXGroup;
			children = (
				C764869353423E79178BB4E3 /* WeChatPayClient.swift */,
				E1560AEF5DCEB3C2E614ACA8 /* WeChatPayCoordinator.swift */,
			);
			path = Payments;
			sourceTree = "<group>";
		};
		DB6F7034086EBB8FDF3750ED /* Sources */ = {
			isa = PBXGroup;
			children = (
				14AC6B607B795361D2F8B402 /* App */,
				DF136D062D95ACAF8BD2CF4E /* Core */,
				E1EB2E33873FB12133302572 /* Data */,
				76ECF49344C9B0310BAE7C5F /* Features */,
			);
			path = Sources;
			sourceTree = "<group>";
		};
		DF136D062D95ACAF8BD2CF4E /* Core */ = {
			isa = PBXGroup;
			children = (
				F3C2541D6D84B42E5319BFCE /* Catalog */,
				0B2F10B85FCF66CE82DA8056 /* Models */,
				3336BD16582331189312E1A8 /* UI */,
			);
			path = Core;
			sourceTree = "<group>";
		};
		E1EB2E33873FB12133302572 /* Data */ = {
			isa = PBXGroup;
			children = (
				73AC411BD0BFC5F2455E5085 /* API */,
				A7A3B556F54C4DC361D8614B /* Auth */,
				A488F49E80D517774174E7FA /* Moderation */,
				D643A9F990EAD6D981FE513D /* Payments */,
				B7805F1913834A74CDA74FB0 /* Services */,
			);
			path = Data;
			sourceTree = "<group>";
		};
		F3C2541D6D84B42E5319BFCE /* Catalog */ = {
			isa = PBXGroup;
			children = (
				13D9DF7A81F40BC52D080F2C /* AppCatalog.swift */,
			);
			path = Catalog;
			sourceTree = "<group>";
		};
		FAA6311B9D4D76D491C2D95F /* Messages */ = {
			isa = PBXGroup;
			children = (
				9FDE97C9E3513D57ACBA94D1 /* ChatView.swift */,
				3218FC9B8690CE90A5813155 /* MessagesView.swift */,
			);
			path = Messages;
			sourceTree = "<group>";
		};
/* End PBXGroup section */

/* Begin PBXNativeTarget section */
		224CB030EF602D7C9F4732C8 /* TalkAndTalkTests */ = {
			isa = PBXNativeTarget;
			buildConfigurationList = 3523A0C2047AF699C679CFAB /* Build configuration list for PBXNativeTarget "TalkAndTalkTests" */;
			buildPhases = (
				25FB0C25C63AE5A4B3E3E5A1 /* Sources */,
			);
			buildRules = (
			);
			dependencies = (
				FAF7521032010B8253E04148 /* PBXTargetDependency */,
			);
			name = TalkAndTalkTests;
			packageProductDependencies = (
			);
			productName = TalkAndTalkTests;
			productReference = 974A93200144303A55EA9E59 /* TalkAndTalkTests.xctest */;
			productType = "com.apple.product-type.bundle.unit-test";
		};
		2361496658116D5FFC97A44B /* TalkAndTalkUITests */ = {
			isa = PBXNativeTarget;
			buildConfigurationList = 6C7798C88055079FF66F5197 /* Build configuration list for PBXNativeTarget "TalkAndTalkUITests" */;
			buildPhases = (
				A9103F294B5E459834E2ACDD /* Sources */,
			);
			buildRules = (
			);
			dependencies = (
				7D95F15FECA1BFC07049787F /* PBXTargetDependency */,
			);
			name = TalkAndTalkUITests;
			packageProductDependencies = (
			);
			productName = TalkAndTalkUITests;
			productReference = 7A4A0A03B99D6635E239AD23 /* TalkAndTalkUITests.xctest */;
			productType = "com.apple.product-type.bundle.ui-testing";
		};
		DD908ACE202C69466668F8CC /* TalkAndTalk */ = {
			isa = PBXNativeTarget;
			buildConfigurationList = B30A31A1152EB88FCCB23A9B /* Build configuration list for PBXNativeTarget "TalkAndTalk" */;
			buildPhases = (
				DA388CC8F0CE74E458A104AC /* Sources */,
				8D99AF591F4BBBCD930A1538 /* Resources */,
				D72F3BE12FFA0781F09DC918 /* Frameworks */,
			);
			buildRules = (
			);
			dependencies = (
			);
			name = TalkAndTalk;
			packageProductDependencies = (
				B988DC50DABD932218177FF2 /* WechatOpenSDK */,
			);
			productName = TalkAndTalk;
			productReference = 32E80B2F111798E5AF4A8DC5 /* TalkAndTalk.app */;
			productType = "com.apple.product-type.application";
		};
/* End PBXNativeTarget section */

/* Begin PBXProject section */
		788E5DF5F57A9A612D79C7F3 /* Project object */ = {
			isa = PBXProject;
			attributes = {
				BuildIndependentTargetsInParallel = YES;
				LastUpgradeCheck = 1430;
				TargetAttributes = {
					2361496658116D5FFC97A44B = {
						TestTargetID = DD908ACE202C69466668F8CC;
					};
				};
			};
			buildConfigurationList = 1CA9C2EDF74F63972D90232D /* Build configuration list for PBXProject "TalkAndTalk" */;
			developmentRegion = en;
			hasScannedForEncodings = 0;
			knownRegions = (
				Base,
				en,
			);
			mainGroup = 0234AB4592A7537F3FE9226A;
			minimizedProjectReferenceProxies = 1;
			packageReferences = (
				8A8DB8058A856323371B75B7 /* XCRemoteSwiftPackageReference "WechatOpenSDK" */,
			);
			preferredProjectObjectVersion = 77;
			productRefGroup = C0F91BEE52CD29F4F81EF344 /* Products */;
			projectDirPath = "";
			projectRoot = "";
			targets = (
				DD908ACE202C69466668F8CC /* TalkAndTalk */,
				224CB030EF602D7C9F4732C8 /* TalkAndTalkTests */,
				2361496658116D5FFC97A44B /* TalkAndTalkUITests */,
			);
		};
/* End PBXProject section */

/* Begin PBXResourcesBuildPhase section */
		8D99AF591F4BBBCD930A1538 /* Resources */ = {
			isa = PBXResourcesBuildPhase;
			buildActionMask = 2147483647;
			files = (
				5187A08AA93DBCA5C80A0AAC /* Assets.xcassets in Resources */,
				FF9D7B1BADCE9B22E67CAA88 /* LaunchScreen.storyboard in Resources */,
				1BDA7B82C2D97AE2B0CDE6C7 /* ModerationConfig.example.plist in Resources */,
				589F09C8F9BEE9D33DC2CD19 /* PrivacyInfo.xcprivacy in Resources */,
			);
			runOnlyForDeploymentPostprocessing = 0;
		};
/* End PBXResourcesBuildPhase section */

/* Begin PBXSourcesBuildPhase section */
		25FB0C25C63AE5A4B3E3E5A1 /* Sources */ = {
			isa = PBXSourcesBuildPhase;
			buildActionMask = 2147483647;
			files = (
				D9FBF9A6389F20D188D853C0 /* AuthSessionTests.swift in Sources */,
				6CFADD99C309A52C6B425C75 /* BackendClientTests.swift in Sources */,
				70EB8E37D12BAF7511AD14EA /* LoginStateTests.swift in Sources */,
				B81503F26333913BA98EEA8D /* ModerationTests.swift in Sources */,
				5A9F47B2F8BDA522C73C25D8 /* TokenStoreTests.swift in Sources */,
			);
			runOnlyForDeploymentPostprocessing = 0;
		};
		A9103F294B5E459834E2ACDD /* Sources */ = {
			isa = PBXSourcesBuildPhase;
			buildActionMask = 2147483647;
			files = (
				CF021E97725F7069CE15767E /* TalkAndTalkUITests.swift in Sources */,
			);
			runOnlyForDeploymentPostprocessing = 0;
		};
		DA388CC8F0CE74E458A104AC /* Sources */ = {
			isa = PBXSourcesBuildPhase;
			buildActionMask = 2147483647;
			files = (
				AFC3B4F23F7C3DE02FB796C1 /* APIModerationClient.swift in Sources */,
				98047900BEEF7A46AB44DCBE /* AdminView.swift in Sources */,
				E94DD7288271F6A9C47FA5B3 /* AppCatalog.swift in Sources */,
				567779000564DDCCA22F448F /* AppStore.swift in Sources */,
				F6F3CAAB6B61BE508526C263 /* AppleSignInCoordinator.swift in Sources */,
				FDB6F44BDB15C85CB2BF05DD /* AuthDTO.swift in Sources */,
				CC7B970062E49A992E5BE0A6 /* AuthSession.swift in Sources */,
				E9A7A6322E71F6A41F76C785 /* BackendAuthClient.swift in Sources */,
				08A0FBEADD63691CDE0E3F7E /* BackendClient.swift in Sources */,
				319E54A850CAA1E3B3F115CC /* BackendConfig.swift in Sources */,
				90D5149301AC6B2CB0EDEEFA /* BackendDTO.swift in Sources */,
				25B34EEF8CC9F5B4A6A292B7 /* ChatView.swift in Sources */,
				9F3D0B716BF413F45951128A /* CommunityView.swift in Sources */,
				D9DB4FEEBCACF4C77CCB1307 /* CompanionDetailView.swift in Sources */,
				30259306A1330DBD98BE213A /* CompanionHomepageView.swift in Sources */,
				D6DF2B624AAA6750B0A7CB93 /* CompanionListView.swift in Sources */,
				4793219FE63077EEA4450925 /* ContentView.swift in Sources */,
				4AE49DFC612BF88AC5997434 /* CreditService.swift in Sources */,
				EA414DFDDA89D7FCA486C2CF /* DesignSystem.swift in Sources */,
				C9A2FB0AC8EFAFC384F611BE /* HomeView.swift in Sources */,
				E51B292A24789C68B570BD4A /* HybridModerationService.swift in Sources */,
				2939C42D4A2DA69B96983162 /* LoginView.swift in Sources */,
				7B2DD2E0120B8B7122D32607 /* MessagesView.swift in Sources */,
				BE8CB25A7F33C99B8280A102 /* Models.swift in Sources */,
				11D98AEE1908F44EB38466C8 /* ModerationConfig.swift in Sources */,
				B6AC1C7D35FAB661E12DA64A /* ModerationService.swift in Sources */,
				3D59EFF9712A11F6AA1A4BF9 /* NotificationsView.swift in Sources */,
				E62C59F9BB7700CF763C716B /* OrderView.swift in Sources */,
				DAC086EF0A642DAB7B9A570B /* OrdersView.swift in Sources */,
				F37053D926592BBDCCC4AAB8 /* ProfileView.swift in Sources */,
				A18EF3449F68A24100E7D2ED /* ReviewView.swift in Sources */,
				0F6A83A8D71C42BF7B920BE1 /* RuleBasedModerationEngine.swift in Sources */,
				1B73BA6EE285CF894B83DD89 /* SafetyCenterView.swift in Sources */,
				DAB9B3BFF1D3B568B6D3F60F /* SettingsView.swift in Sources */,
				E1DACA212E56BC7618277004 /* SharedViews.swift in Sources */,
				2EA05BBB0C8924ABF9D424E6 /* TalkAndTalkApp.swift in Sources */,
				475E9D0887A2DDF7C445216C /* TokenStore.swift in Sources */,
				B23779AE4B101CF005715ECA /* VerifyView.swift in Sources */,
				B8D26328C1590E4DF65AEB77 /* WeChatPayClient.swift in Sources */,
				F10E43C579EC5F063A4449CC /* WeChatPayCoordinator.swift in Sources */,
			);
			runOnlyForDeploymentPostprocessing = 0;
		};
/* End PBXSourcesBuildPhase section */

/* Begin PBXTargetDependency section */
		7D95F15FECA1BFC07049787F /* PBXTargetDependency */ = {
			isa = PBXTargetDependency;
			target = DD908ACE202C69466668F8CC /* TalkAndTalk */;
			targetProxy = 32AA9089008DAFE88F9DF7A7 /* PBXContainerItemProxy */;
		};
		FAF7521032010B8253E04148 /* PBXTargetDependency */ = {
			isa = PBXTargetDependency;
			target = DD908ACE202C69466668F8CC /* TalkAndTalk */;
			targetProxy = FA94E2DBDA1AD28D56A1197F /* PBXContainerItemProxy */;
		};
/* End PBXTargetDependency section */

/* Begin XCBuildConfiguration section */
		03159458FFDE572E8E6D885D /* Staging */ = {
			isa = XCBuildConfiguration;
			buildSettings = {
				BUNDLE_LOADER = "$(TEST_HOST)";
				GENERATE_INFOPLIST_FILE = YES;
				IPHONEOS_DEPLOYMENT_TARGET = 18.0;
				LD_RUNPATH_SEARCH_PATHS = (
					"$(inherited)",
					"@executable_path/Frameworks",
					"@loader_path/Frameworks",
				);
				SDKROOT = iphoneos;
				SWIFT_VERSION = 6.0;
				TARGETED_DEVICE_FAMILY = "1,2";
				TEST_HOST = "$(BUILT_PRODUCTS_DIR)/TalkAndTalk.app/TalkAndTalk";
			};
			name = Staging;
		};
		10D22BF37B84C7B8C23446EE /* Staging */ = {
			isa = XCBuildConfiguration;
			buildSettings = {
				ALWAYS_SEARCH_USER_PATHS = NO;
				CLANG_ANALYZER_NONNULL = YES;
				CLANG_ANALYZER_NUMBER_OBJECT_CONVERSION = YES_AGGRESSIVE;
				CLANG_CXX_LANGUAGE_STANDARD = "gnu++14";
				CLANG_CXX_LIBRARY = "libc++";
				CLANG_ENABLE_MODULES = YES;
				CLANG_ENABLE_OBJC_ARC = YES;
				CLANG_ENABLE_OBJC_WEAK = YES;
				CLANG_WARN_BLOCK_CAPTURE_AUTORELEASING = YES;
				CLANG_WARN_BOOL_CONVERSION = YES;
				CLANG_WARN_COMMA = YES;
				CLANG_WARN_CONSTANT_CONVERSION = YES;
				CLANG_WARN_DEPRECATED_OBJC_IMPLEMENTATIONS = YES;
				CLANG_WARN_DIRECT_OBJC_ISA_USAGE = YES_ERROR;
				CLANG_WARN_DOCUMENTATION_COMMENTS = YES;
				CLANG_WARN_EMPTY_BODY = YES;
				CLANG_WARN_ENUM_CONVERSION = YES;
				CLANG_WARN_INFINITE_RECURSION = YES;
				CLANG_WARN_INT_CONVERSION = YES;
				CLANG_WARN_NON_LITERAL_NULL_CONVERSION = YES;
				CLANG_WARN_OBJC_IMPLICIT_RETAIN_SELF = YES;
				CLANG_WARN_OBJC_LITERAL_CONVERSION = YES;
				CLANG_WARN_OBJC_ROOT_CLASS = YES_ERROR;
				CLANG_WARN_QUOTED_INCLUDE_IN_FRAMEWORK_HEADER = YES;
				CLANG_WARN_RANGE_LOOP_ANALYSIS = YES;
				CLANG_WARN_STRICT_PROTOTYPES = YES;
				CLANG_WARN_SUSPICIOUS_MOVE = YES;
				CLANG_WARN_UNGUARDED_AVAILABILITY = YES_AGGRESSIVE;
				CLANG_WARN_UNREACHABLE_CODE = YES;
				CLANG_WARN__DUPLICATE_METHOD_MATCH = YES;
				COPY_PHASE_STRIP = NO;
				DEBUG_INFORMATION_FORMAT = "dwarf-with-dsym";
				ENABLE_NS_ASSERTIONS = NO;
				ENABLE_STRICT_OBJC_MSGSEND = YES;
				GCC_C_LANGUAGE_STANDARD = gnu11;
				GCC_NO_COMMON_BLOCKS = YES;
				GCC_WARN_64_TO_32_BIT_CONVERSION = YES;
				GCC_WARN_ABOUT_RETURN_TYPE = YES_ERROR;
				GCC_WARN_UNDECLARED_SELECTOR = YES;
				GCC_WARN_UNINITIALIZED_AUTOS = YES_AGGRESSIVE;
				GCC_WARN_UNUSED_FUNCTION = YES;
				GCC_WARN_UNUSED_VARIABLE = YES;
				MTL_ENABLE_DEBUG_INFO = NO;
				MTL_FAST_MATH = YES;
				PRODUCT_NAME = "$(TARGET_NAME)";
				SDKROOT = iphoneos;
				SWIFT_COMPILATION_MODE = wholemodule;
				SWIFT_OPTIMIZATION_LEVEL = "-O";
				SWIFT_VERSION = 5.0;
			};
			name = Staging;
		};
		4E6D2AABDAC5AF69076F2F08 /* Debug */ = {
			isa = XCBuildConfiguration;
			buildSettings = {
				ALWAYS_SEARCH_USER_PATHS = NO;
				CLANG_ANALYZER_NONNULL = YES;
				CLANG_ANALYZER_NUMBER_OBJECT_CONVERSION = YES_AGGRESSIVE;
				CLANG_CXX_LANGUAGE_STANDARD = "gnu++14";
				CLANG_CXX_LIBRARY = "libc++";
				CLANG_ENABLE_MODULES = YES;
				CLANG_ENABLE_OBJC_ARC = YES;
				CLANG_ENABLE_OBJC_WEAK = YES;
				CLANG_WARN_BLOCK_CAPTURE_AUTORELEASING = YES;
				CLANG_WARN_BOOL_CONVERSION = YES;
				CLANG_WARN_COMMA = YES;
				CLANG_WARN_CONSTANT_CONVERSION = YES;
				CLANG_WARN_DEPRECATED_OBJC_IMPLEMENTATIONS = YES;
				CLANG_WARN_DIRECT_OBJC_ISA_USAGE = YES_ERROR;
				CLANG_WARN_DOCUMENTATION_COMMENTS = YES;
				CLANG_WARN_EMPTY_BODY = YES;
				CLANG_WARN_ENUM_CONVERSION = YES;
				CLANG_WARN_INFINITE_RECURSION = YES;
				CLANG_WARN_INT_CONVERSION = YES;
				CLANG_WARN_NON_LITERAL_NULL_CONVERSION = YES;
				CLANG_WARN_OBJC_IMPLICIT_RETAIN_SELF = YES;
				CLANG_WARN_OBJC_LITERAL_CONVERSION = YES;
				CLANG_WARN_OBJC_ROOT_CLASS = YES_ERROR;
				CLANG_WARN_QUOTED_INCLUDE_IN_FRAMEWORK_HEADER = YES;
				CLANG_WARN_RANGE_LOOP_ANALYSIS = YES;
				CLANG_WARN_STRICT_PROTOTYPES = YES;
				CLANG_WARN_SUSPICIOUS_MOVE = YES;
				CLANG_WARN_UNGUARDED_AVAILABILITY = YES_AGGRESSIVE;
				CLANG_WARN_UNREACHABLE_CODE = YES;
				CLANG_WARN__DUPLICATE_METHOD_MATCH = YES;
				COPY_PHASE_STRIP = NO;
				DEBUG_INFORMATION_FORMAT = dwarf;
				ENABLE_STRICT_OBJC_MSGSEND = YES;
				ENABLE_TESTABILITY = YES;
				GCC_C_LANGUAGE_STANDARD = gnu11;
				GCC_DYNAMIC_NO_PIC = NO;
				GCC_NO_COMMON_BLOCKS = YES;
				GCC_OPTIMIZATION_LEVEL = 0;
				GCC_PREPROCESSOR_DEFINITIONS = (
					"$(inherited)",
					"DEBUG=1",
				);
				GCC_WARN_64_TO_32_BIT_CONVERSION = YES;
				GCC_WARN_ABOUT_RETURN_TYPE = YES_ERROR;
				GCC_WARN_UNDECLARED_SELECTOR = YES;
				GCC_WARN_UNINITIALIZED_AUTOS = YES_AGGRESSIVE;
				GCC_WARN_UNUSED_FUNCTION = YES;
				GCC_WARN_UNUSED_VARIABLE = YES;
				MTL_ENABLE_DEBUG_INFO = INCLUDE_SOURCE;
				MTL_FAST_MATH = YES;
				ONLY_ACTIVE_ARCH = YES;
				PRODUCT_NAME = "$(TARGET_NAME)";
				SDKROOT = iphoneos;
				SWIFT_ACTIVE_COMPILATION_CONDITIONS = DEBUG;
				SWIFT_OPTIMIZATION_LEVEL = "-Onone";
				SWIFT_VERSION = 5.0;
			};
			name = Debug;
		};
		591FEA690621175C53C08104 /* Debug */ = {
			isa = XCBuildConfiguration;
			buildSettings = {
				BUNDLE_LOADER = "$(TEST_HOST)";
				GENERATE_INFOPLIST_FILE = YES;
				IPHONEOS_DEPLOYMENT_TARGET = 18.0;
				LD_RUNPATH_SEARCH_PATHS = (
					"$(inherited)",
					"@executable_path/Frameworks",
					"@loader_path/Frameworks",
				);
				SDKROOT = iphoneos;
				SWIFT_VERSION = 6.0;
				TARGETED_DEVICE_FAMILY = "1,2";
				TEST_TARGET_NAME = TalkAndTalk;
			};
			name = Debug;
		};
		6C785E28C9277EEF3414C14E /* Debug */ = {
			isa = XCBuildConfiguration;
			buildSettings = {
				BUNDLE_LOADER = "$(TEST_HOST)";
				GENERATE_INFOPLIST_FILE = YES;
				IPHONEOS_DEPLOYMENT_TARGET = 18.0;
				LD_RUNPATH_SEARCH_PATHS = (
					"$(inherited)",
					"@executable_path/Frameworks",
					"@loader_path/Frameworks",
				);
				SDKROOT = iphoneos;
				SWIFT_VERSION = 6.0;
				TARGETED_DEVICE_FAMILY = "1,2";
				TEST_HOST = "$(BUILT_PRODUCTS_DIR)/TalkAndTalk.app/TalkAndTalk";
			};
			name = Debug;
		};
		78F5C037E47FA4757267FA11 /* Staging */ = {
			isa = XCBuildConfiguration;
			buildSettings = {
				BUNDLE_LOADER = "$(TEST_HOST)";
				GENERATE_INFOPLIST_FILE = YES;
				IPHONEOS_DEPLOYMENT_TARGET = 18.0;
				LD_RUNPATH_SEARCH_PATHS = (
					"$(inherited)",
					"@executable_path/Frameworks",
					"@loader_path/Frameworks",
				);
				SDKROOT = iphoneos;
				SWIFT_VERSION = 6.0;
				TARGETED_DEVICE_FAMILY = "1,2";
				TEST_TARGET_NAME = TalkAndTalk;
			};
			name = Staging;
		};
		AF6A664D62D84AF205C08B27 /* Release */ = {
			isa = XCBuildConfiguration;
			baseConfigurationReference = 386B51ED76DC7271912EFA03 /* Release.xcconfig */;
			buildSettings = {
				ASSETCATALOG_COMPILER_APPICON_NAME = AppIcon;
				CODE_SIGN_ENTITLEMENTS = TalkAndTalk.entitlements;
				CODE_SIGN_IDENTITY = "iPhone Developer";
				CURRENT_PROJECT_VERSION = 1;
				GENERATE_INFOPLIST_FILE = YES;
				INFOPLIST_FILE = "Resources/Info-Supplement.plist";
				INFOPLIST_KEY_CFBundleDisplayName = "Talk&Talk";
				INFOPLIST_KEY_ITSAppUsesNonExemptEncryption = NO;
				INFOPLIST_KEY_NSCameraUsageDescription = "用于拍摄并上传广场封面图，仅在你主动拍照时访问。";
				INFOPLIST_KEY_NSMicrophoneUsageDescription = "用于语音陪伴通话，仅在你主动发起或接听时使用麦克风。";
				INFOPLIST_KEY_NSPhotoLibraryUsageDescription = "用于在广场发布图片时选择相册内容，仅在你主动选择图片时访问。";
				INFOPLIST_KEY_UILaunchStoryboardName = LaunchScreen;
				IPHONEOS_DEPLOYMENT_TARGET = 18.0;
				LD_RUNPATH_SEARCH_PATHS = (
					"$(inherited)",
					"@executable_path/Frameworks",
				);
				MARKETING_VERSION = 0.1.0;
				PRODUCT_BUNDLE_IDENTIFIER = com.talkandtalk.app;
				PRODUCT_NAME = TalkAndTalk;
				SDKROOT = iphoneos;
				SUPPORTS_MAC_DESIGNED_FOR_IPHONE_IPAD = NO;
				SWIFT_STRICT_CONCURRENCY = minimal;
				SWIFT_VERSION = 6.0;
				TARGETED_DEVICE_FAMILY = "1,2";
				WECHAT_URL_SCHEME = "wx$(WECHAT_APP_ID)";
			};
			name = Release;
		};
		C9283FFEC9E2BB37DE74DAD3 /* Release */ = {
			isa = XCBuildConfiguration;
			buildSettings = {
				BUNDLE_LOADER = "$(TEST_HOST)";
				GENERATE_INFOPLIST_FILE = YES;
				IPHONEOS_DEPLOYMENT_TARGET = 18.0;
				LD_RUNPATH_SEARCH_PATHS = (
					"$(inherited)",
					"@executable_path/Frameworks",
					"@loader_path/Frameworks",
				);
				SDKROOT = iphoneos;
				SWIFT_VERSION = 6.0;
				TARGETED_DEVICE_FAMILY = "1,2";
				TEST_TARGET_NAME = TalkAndTalk;
			};
			name = Release;
		};
		CEF8CFA97BAEFA2E26585629 /* Release */ = {
			isa = XCBuildConfiguration;
			buildSettings = {
				BUNDLE_LOADER = "$(TEST_HOST)";
				GENERATE_INFOPLIST_FILE = YES;
				IPHONEOS_DEPLOYMENT_TARGET = 18.0;
				LD_RUNPATH_SEARCH_PATHS = (
					"$(inherited)",
					"@executable_path/Frameworks",
					"@loader_path/Frameworks",
				);
				SDKROOT = iphoneos;
				SWIFT_VERSION = 6.0;
				TARGETED_DEVICE_FAMILY = "1,2";
				TEST_HOST = "$(BUILT_PRODUCTS_DIR)/TalkAndTalk.app/TalkAndTalk";
			};
			name = Release;
		};
		CF86DB9EEFD46C752DE1A6E6 /* Release */ = {
			isa = XCBuildConfiguration;
			buildSettings = {
				ALWAYS_SEARCH_USER_PATHS = NO;
				CLANG_ANALYZER_NONNULL = YES;
				CLANG_ANALYZER_NUMBER_OBJECT_CONVERSION = YES_AGGRESSIVE;
				CLANG_CXX_LANGUAGE_STANDARD = "gnu++14";
				CLANG_CXX_LIBRARY = "libc++";
				CLANG_ENABLE_MODULES = YES;
				CLANG_ENABLE_OBJC_ARC = YES;
				CLANG_ENABLE_OBJC_WEAK = YES;
				CLANG_WARN_BLOCK_CAPTURE_AUTORELEASING = YES;
				CLANG_WARN_BOOL_CONVERSION = YES;
				CLANG_WARN_COMMA = YES;
				CLANG_WARN_CONSTANT_CONVERSION = YES;
				CLANG_WARN_DEPRECATED_OBJC_IMPLEMENTATIONS = YES;
				CLANG_WARN_DIRECT_OBJC_ISA_USAGE = YES_ERROR;
				CLANG_WARN_DOCUMENTATION_COMMENTS = YES;
				CLANG_WARN_EMPTY_BODY = YES;
				CLANG_WARN_ENUM_CONVERSION = YES;
				CLANG_WARN_INFINITE_RECURSION = YES;
				CLANG_WARN_INT_CONVERSION = YES;
				CLANG_WARN_NON_LITERAL_NULL_CONVERSION = YES;
				CLANG_WARN_OBJC_IMPLICIT_RETAIN_SELF = YES;
				CLANG_WARN_OBJC_LITERAL_CONVERSION = YES;
				CLANG_WARN_OBJC_ROOT_CLASS = YES_ERROR;
				CLANG_WARN_QUOTED_INCLUDE_IN_FRAMEWORK_HEADER = YES;
				CLANG_WARN_RANGE_LOOP_ANALYSIS = YES;
				CLANG_WARN_STRICT_PROTOTYPES = YES;
				CLANG_WARN_SUSPICIOUS_MOVE = YES;
				CLANG_WARN_UNGUARDED_AVAILABILITY = YES_AGGRESSIVE;
				CLANG_WARN_UNREACHABLE_CODE = YES;
				CLANG_WARN__DUPLICATE_METHOD_MATCH = YES;
				COPY_PHASE_STRIP = NO;
				DEBUG_INFORMATION_FORMAT = "dwarf-with-dsym";
				ENABLE_NS_ASSERTIONS = NO;
				ENABLE_STRICT_OBJC_MSGSEND = YES;
				GCC_C_LANGUAGE_STANDARD = gnu11;
				GCC_NO_COMMON_BLOCKS = YES;
				GCC_WARN_64_TO_32_BIT_CONVERSION = YES;
				GCC_WARN_ABOUT_RETURN_TYPE = YES_ERROR;
				GCC_WARN_UNDECLARED_SELECTOR = YES;
				GCC_WARN_UNINITIALIZED_AUTOS = YES_AGGRESSIVE;
				GCC_WARN_UNUSED_FUNCTION = YES;
				GCC_WARN_UNUSED_VARIABLE = YES;
				MTL_ENABLE_DEBUG_INFO = NO;
				MTL_FAST_MATH = YES;
				PRODUCT_NAME = "$(TARGET_NAME)";
				SDKROOT = iphoneos;
				SWIFT_COMPILATION_MODE = wholemodule;
				SWIFT_OPTIMIZATION_LEVEL = "-O";
				SWIFT_VERSION = 5.0;
			};
			name = Release;
		};
		E0D8A382F83EB48D261DEDF4 /* Staging */ = {
			isa = XCBuildConfiguration;
			baseConfigurationReference = F3CA8DB67E42B51681CDB5FF /* Staging.xcconfig */;
			buildSettings = {
				ASSETCATALOG_COMPILER_APPICON_NAME = AppIcon;
				CODE_SIGN_ENTITLEMENTS = TalkAndTalk.entitlements;
				CODE_SIGN_IDENTITY = "iPhone Developer";
				CURRENT_PROJECT_VERSION = 1;
				GENERATE_INFOPLIST_FILE = YES;
				INFOPLIST_FILE = "Resources/Info-Supplement.plist";
				INFOPLIST_KEY_CFBundleDisplayName = "Talk&Talk";
				INFOPLIST_KEY_ITSAppUsesNonExemptEncryption = NO;
				INFOPLIST_KEY_NSCameraUsageDescription = "用于拍摄并上传广场封面图，仅在你主动拍照时访问。";
				INFOPLIST_KEY_NSMicrophoneUsageDescription = "用于语音陪伴通话，仅在你主动发起或接听时使用麦克风。";
				INFOPLIST_KEY_NSPhotoLibraryUsageDescription = "用于在广场发布图片时选择相册内容，仅在你主动选择图片时访问。";
				INFOPLIST_KEY_UILaunchStoryboardName = LaunchScreen;
				IPHONEOS_DEPLOYMENT_TARGET = 18.0;
				LD_RUNPATH_SEARCH_PATHS = (
					"$(inherited)",
					"@executable_path/Frameworks",
				);
				MARKETING_VERSION = 0.1.0;
				PRODUCT_BUNDLE_IDENTIFIER = com.talkandtalk.app;
				PRODUCT_NAME = TalkAndTalk;
				SDKROOT = iphoneos;
				SUPPORTS_MAC_DESIGNED_FOR_IPHONE_IPAD = NO;
				SWIFT_STRICT_CONCURRENCY = minimal;
				SWIFT_VERSION = 6.0;
				TARGETED_DEVICE_FAMILY = "1,2";
				WECHAT_URL_SCHEME = "wx$(WECHAT_APP_ID)";
			};
			name = Staging;
		};
		F447FE37B6D96CCE9135C4D1 /* Debug */ = {
			isa = XCBuildConfiguration;
			baseConfigurationReference = 5A57141CEC4C4E749C4B2676 /* Debug.xcconfig */;
			buildSettings = {
				ASSETCATALOG_COMPILER_APPICON_NAME = AppIcon;
				CODE_SIGN_ENTITLEMENTS = TalkAndTalk.entitlements;
				CODE_SIGN_IDENTITY = "iPhone Developer";
				CURRENT_PROJECT_VERSION = 1;
				GENERATE_INFOPLIST_FILE = YES;
				INFOPLIST_FILE = "Resources/Info-Supplement.plist";
				INFOPLIST_KEY_CFBundleDisplayName = "Talk&Talk";
				INFOPLIST_KEY_ITSAppUsesNonExemptEncryption = NO;
				INFOPLIST_KEY_NSCameraUsageDescription = "用于拍摄并上传广场封面图，仅在你主动拍照时访问。";
				INFOPLIST_KEY_NSMicrophoneUsageDescription = "用于语音陪伴通话，仅在你主动发起或接听时使用麦克风。";
				INFOPLIST_KEY_NSPhotoLibraryUsageDescription = "用于在广场发布图片时选择相册内容，仅在你主动选择图片时访问。";
				INFOPLIST_KEY_UILaunchStoryboardName = LaunchScreen;
				IPHONEOS_DEPLOYMENT_TARGET = 18.0;
				LD_RUNPATH_SEARCH_PATHS = (
					"$(inherited)",
					"@executable_path/Frameworks",
				);
				MARKETING_VERSION = 0.1.0;
				PRODUCT_BUNDLE_IDENTIFIER = com.talkandtalk.app;
				PRODUCT_NAME = TalkAndTalk;
				SDKROOT = iphoneos;
				SUPPORTS_MAC_DESIGNED_FOR_IPHONE_IPAD = NO;
				SWIFT_STRICT_CONCURRENCY = minimal;
				SWIFT_VERSION = 6.0;
				TARGETED_DEVICE_FAMILY = "1,2";
				WECHAT_URL_SCHEME = "wx$(WECHAT_APP_ID)";
			};
			name = Debug;
		};
/* End XCBuildConfiguration section */

/* Begin XCConfigurationList section */
		1CA9C2EDF74F63972D90232D /* Build configuration list for PBXProject "TalkAndTalk" */ = {
			isa = XCConfigurationList;
			buildConfigurations = (
				4E6D2AABDAC5AF69076F2F08 /* Debug */,
				CF86DB9EEFD46C752DE1A6E6 /* Release */,
				10D22BF37B84C7B8C23446EE /* Staging */,
			);
			defaultConfigurationIsVisible = 0;
			defaultConfigurationName = Debug;
		};
		3523A0C2047AF699C679CFAB /* Build configuration list for PBXNativeTarget "TalkAndTalkTests" */ = {
			isa = XCConfigurationList;
			buildConfigurations = (
				6C785E28C9277EEF3414C14E /* Debug */,
				CEF8CFA97BAEFA2E26585629 /* Release */,
				03159458FFDE572E8E6D885D /* Staging */,
			);
			defaultConfigurationIsVisible = 0;
			defaultConfigurationName = Debug;
		};
		6C7798C88055079FF66F5197 /* Build configuration list for PBXNativeTarget "TalkAndTalkUITests" */ = {
			isa = XCConfigurationList;
			buildConfigurations = (
				591FEA690621175C53C08104 /* Debug */,
				C9283FFEC9E2BB37DE74DAD3 /* Release */,
				78F5C037E47FA4757267FA11 /* Staging */,
			);
			defaultConfigurationIsVisible = 0;
			defaultConfigurationName = Debug;
		};
		B30A31A1152EB88FCCB23A9B /* Build configuration list for PBXNativeTarget "TalkAndTalk" */ = {
			isa = XCConfigurationList;
			buildConfigurations = (
				F447FE37B6D96CCE9135C4D1 /* Debug */,
				AF6A664D62D84AF205C08B27 /* Release */,
				E0D8A382F83EB48D261DEDF4 /* Staging */,
			);
			defaultConfigurationIsVisible = 0;
			defaultConfigurationName = Debug;
		};
/* End XCConfigurationList section */

/* Begin XCRemoteSwiftPackageReference section */
		8A8DB8058A856323371B75B7 /* XCRemoteSwiftPackageReference "WechatOpenSDK" */ = {
			isa = XCRemoteSwiftPackageReference;
			repositoryURL = "https://github.com/yanyin1986/WechatOpenSDK.git";
			requirement = {
				kind = upToNextMajorVersion;
				minimumVersion = 2.0.5;
			};
		};
/* End XCRemoteSwiftPackageReference section */

/* Begin XCSwiftPackageProductDependency section */
		B988DC50DABD932218177FF2 /* WechatOpenSDK */ = {
			isa = XCSwiftPackageProductDependency;
			package = 8A8DB8058A856323371B75B7 /* XCRemoteSwiftPackageReference "WechatOpenSDK" */;
			productName = WechatOpenSDK;
		};
/* End XCSwiftPackageProductDependency section */
	};
	rootObject = 788E5DF5F57A9A612D79C7F3 /* Project object */;
}
